{
    "name": "hello_my_bazel_1",
    "version": "0.1.0",
    "lockfileVersion": 1,
    "requires": true,
    "dependencies": {
        "@bazel/bazelisk": {
            "version": "1.12.1",
            "resolved": "https://registry.npmjs.org/@bazel/bazelisk/-/bazelisk-1.12.1.tgz",
            "integrity": "sha512-TGCwVeIiVeQUP6yLpxAg8yluFOC+tBQnWw5l8lqwMxKhRtOA+WaH1CJKAXeCBAaS2MxohhkXq44zj/7AM+t2jg==",
            "dev": true
        },
        "@bazel/buildifier": {
            "version": "5.1.0",
            "resolved": "https://registry.npmjs.org/@bazel/buildifier/-/buildifier-5.1.0.tgz",
            "integrity": "sha512-gO0+//hkH+iE3AQ02mYttJAcWiE+rapP8IxmstDhwSqs+CmZJJI8Q1vAaIvMyJUT3NIf7lGljRNpzclkCPk89w==",
            "dev": true
        },
        "@bazel/ibazel": {
            "version": "0.16.2",
            "resolved": "https://registry.npmjs.org/@bazel/ibazel/-/ibazel-0.16.2.tgz",
            "integrity": "sha512-KgqAWMH0emL6f3xH6nqyTryoBMqlJ627LBIe9PT1PRRQPz2FtHib3FIHJPukp1slzF3hJYZvdiVwgPnHbaSOOA==",
            "dev": true
        }
    }
}
